
Microsoft Visual Studio Solution File, Format Version 12.00
# Visual Studio Version 16
VisualStudioVersion = 16.0.30717.126
MinimumVisualStudioVersion = 10.0.40219.1
Project("{FAE04EC0-301F-11D3-BF4B-00C04F79EFBC}") = "六子棋", "五子棋\六子棋.csproj", "{288B015C-8EB8-4C5F-B7B2-EB82C9B4604F}"
EndProject
Global
	GlobalSection(SolutionConfigurationPlatforms) = preSolution
		Debug|Any CPU = Debug|Any CPU
		Release|Any CPU = Release|Any CPU
	EndGlobalSection
	GlobalSection(ProjectConfigurationPlatforms) = postSolution
		{288B015C-8EB8-4C5F-B7B2-EB82C9B4604F}.Debug|Any CPU.ActiveCfg = Debug|Any CPU
		{288B015C-8EB8-4C5F-B7B2-EB82C9B4604F}.Debug|Any CPU.Build.0 = Debug|Any CPU
		{288B015C-8EB8-4C5F-B7B2-EB82C9B4604F}.Release|Any CPU.ActiveCfg = Release|Any CPU
		{288B015C-8EB8-4C5F-B7B2-EB82C9B4604F}.Release|Any CPU.Build.0 = Release|Any CPU
	EndGlobalSection
	GlobalSection(SolutionProperties) = preSolution
		HideSolutionNode = FALSE
	EndGlobalSection
	GlobalSection(ExtensibilityGlobals) = postSolution
		SolutionGuid = {0B726219-6216-4ACC-BDA5-6A1AC9753EEF}
	EndGlobalSection
EndGlobal
